
Microsoft Visual Studio Solution File, Format Version 12.00
# Visual Studio Version 16
VisualStudioVersion = 16.0.31321.278
MinimumVisualStudioVersion = 10.0.40219.1
Project("{FAE04EC0-301F-11D3-BF4B-00C04F79EFBC}") = "CRM_TestWebProject", "CRM_TestWebProject\CRM_TestWebProject.csproj", "{ECEA32E4-B3D5-41AA-B599-5547A0783AF3}"
EndProject
Global
	GlobalSection(SolutionConfigurationPlatforms) = preSolution
		Debug|Any CPU = Debug|Any CPU
		Release|Any CPU = Release|Any CPU
	EndGlobalSection
	GlobalSection(ProjectConfigurationPlatforms) = postSolution
		{ECEA32E4-B3D5-41AA-B599-5547A0783AF3}.Debug|Any CPU.ActiveCfg = Debug|Any CPU
		{ECEA32E4-B3D5-41AA-B599-5547A0783AF3}.Debug|Any CPU.Build.0 = Debug|Any CPU
		{ECEA32E4-B3D5-41AA-B599-5547A0783AF3}.Release|Any CPU.ActiveCfg = Release|Any CPU
		{ECEA32E4-B3D5-41AA-B599-5547A0783AF3}.Release|Any CPU.Build.0 = Release|Any CPU
	EndGlobalSection
	GlobalSection(SolutionProperties) = preSolution
		HideSolutionNode = FALSE
	EndGlobalSection
	GlobalSection(ExtensibilityGlobals) = postSolution
		SolutionGuid = {A4F621E0-FA3C-4FA4-9B9B-F131BB29CEA4}
	EndGlobalSection
EndGlobal
